
Microsoft Visual Studio Solution File, Format Version 12.00
# Visual Studio Version 17
VisualStudioVersion = 17.11.35312.102
MinimumVisualStudioVersion = 10.0.40219.1
Project("{FAE04EC0-301F-11D3-BF4B-00C04F79EFBC}") = "Burbuja", "Burbuja\Burbuja.csproj", "{03F676EE-1256-45D5-8A62-3BFE0418E460}"
EndProject
Project("{FAE04EC0-301F-11D3-BF4B-00C04F79EFBC}") = "Registro", "Registro\Registro.csproj", "{06123325-1E8E-4424-A637-481D96257C29}"
EndProject
Global
	GlobalSection(SolutionConfigurationPlatforms) = preSolution
		Debug|Any CPU = Debug|Any CPU
		Release|Any CPU = Release|Any CPU
	EndGlobalSection
	GlobalSection(ProjectConfigurationPlatforms) = postSolution
		{03F676EE-1256-45D5-8A62-3BFE0418E460}.Debug|Any CPU.ActiveCfg = Debug|Any CPU
		{03F676EE-1256-45D5-8A62-3BFE0418E460}.Debug|Any CPU.Build.0 = Debug|Any CPU
		{03F676EE-1256-45D5-8A62-3BFE0418E460}.Release|Any CPU.ActiveCfg = Release|Any CPU
		{03F676EE-1256-45D5-8A62-3BFE0418E460}.Release|Any CPU.Build.0 = Release|Any CPU
		{06123325-1E8E-4424-A637-481D96257C29}.Debug|Any CPU.ActiveCfg = Debug|Any CPU
		{06123325-1E8E-4424-A637-481D96257C29}.Debug|Any CPU.Build.0 = Debug|Any CPU
		{06123325-1E8E-4424-A637-481D96257C29}.Release|Any CPU.ActiveCfg = Release|Any CPU
		{06123325-1E8E-4424-A637-481D96257C29}.Release|Any CPU.Build.0 = Release|Any CPU
	EndGlobalSection
	GlobalSection(SolutionProperties) = preSolution
		HideSolutionNode = FALSE
	EndGlobalSection
	GlobalSection(ExtensibilityGlobals) = postSolution
		SolutionGuid = {0BE7755A-7D12-4268-9E1A-85BB004ED8B8}
	EndGlobalSection
EndGlobal
